# Python 3.11 operational lock for GitHub Actions Linux x86_64 and macOS arm64.
# Every permitted wheel was downloaded and hashed; regenerate on version changes.
attrs==26.1.0 \
    --hash=sha256:c647aa4a12dfbad9333ca4e71fe62ddc36f4e63b2d260a37a8b83d2f043ac309
jsonschema==4.23.0 \
    --hash=sha256:fbadb6f8b144a8f8cf9f0b89ba94501d143e50411a1278633f56a7acf7fd5566
jsonschema-specifications==2025.9.1 \
    --hash=sha256:98802fee3a11ee76ecaca44429fda8a41bff98b00a0f2838151b113f210cc6fe
pypdf==5.1.0 \
    --hash=sha256:3bd4f503f4ebc58bae40d81e81a9176c400cbbac2ba2d877367595fb524dfdfc
referencing==0.37.0 \
    --hash=sha256:381329a9f99628c9069361716891d34ad94af76e461dcb0335825aecc7692231
rpds-py==2026.6.3 \
    --hash=sha256:9c1255b302953c86a486b81d330d5ee1d5bd937691ce271b6be0ef0e299eaab7 \
    --hash=sha256:db08f45aecde626498fb3df07bcf6d2ec040af42e859a4f5040d79c200342911
typing-extensions==4.16.0 \
    --hash=sha256:481caa481374e813c1b176ada14e97f1f67a4539ce9cfeb3f350d78d6370c2e8
